// !$*UTF8*$!
{
	archiveVersion = 1;
	classes = {
	};
	objectVersion = 56;
	objects = {

/* Begin PBXBuildFile section */
		01000001000000000000001 /* StayAwakeApp.swift in Sources */ = {isa = PBXBuildFile; fileRef = 02000001000000000000001 /* StayAwakeApp.swift */; };
		01000001000000000000002 /* ContentView.swift in Sources */ = {isa = PBXBuildFile; fileRef = 02000001000000000000002 /* ContentView.swift */; };
		01000001000000000000003 /* HealthKitManager.swift in Sources */ = {isa = PBXBuildFile; fileRef = 02000001000000000000010 /* HealthKitManager.swift */; };
		01000001000000000000004 /* WatchConnectivityManager.swift in Sources */ = {isa = PBXBuildFile; fileRef = 02000001000000000000011 /* WatchConnectivityManager.swift */; };
		01000001000000000000005 /* SleepDetector.swift in Sources */ = {isa = PBXBuildFile; fileRef = 02000001000000000000012 /* SleepDetector.swift */; };
		01000001000000000000006 /* StayAwake.entitlements in Resources */ = {isa = PBXBuildFile; fileRef = 02000001000000000000003 /* StayAwake.entitlements */; };
		01000001000000000000007 /* Info.plist in Resources */ = {isa = PBXBuildFile; fileRef = 02000001000000000000004 /* Info.plist */; };
		01000002000000000000001 /* StayAwakeWatchApp.swift in Sources */ = {isa = PBXBuildFile; fileRef = 02000002000000000000001 /* StayAwakeWatchApp.swift */; };
		01000002000000000000002 /* WatchContentView.swift in Sources */ = {isa = PBXBuildFile; fileRef = 02000002000000000000002 /* WatchContentView.swift */; };
		01000002000000000000003 /* MonitoringManager.swift in Sources */ = {isa = PBXBuildFile; fileRef = 02000002000000000000003 /* MonitoringManager.swift */; };
		01000002000000000000004 /* HealthKitManager.swift in Sources */ = {isa = PBXBuildFile; fileRef = 02000001000000000000010 /* HealthKitManager.swift */; };
		01000002000000000000005 /* WatchConnectivityManager.swift in Sources */ = {isa = PBXBuildFile; fileRef = 02000001000000000000011 /* WatchConnectivityManager.swift */; };
		01000002000000000000006 /* SleepDetector.swift in Sources */ = {isa = PBXBuildFile; fileRef = 02000001000000000000012 /* SleepDetector.swift */; };
		01000002000000000000007 /* StayAwake Watch App.entitlements in Resources */ = {isa = PBXBuildFile; fileRef = 02000002000000000000004 /* StayAwake Watch App.entitlements */; };
		01000002000000000000008 /* Info.plist in Resources */ = {isa = PBXBuildFile; fileRef = 02000002000000000000005 /* Info.plist */; };
/* End PBXBuildFile section */

/* Begin PBXFileReference section */
		02000001000000000000001 /* StayAwakeApp.swift */ = {isa = PBXFileReference; lastKnownFileType = sourcecode.swift; path = StayAwakeApp.swift; sourceTree = "<group>"; };
		02000001000000000000002 /* ContentView.swift */ = {isa = PBXFileReference; lastKnownFileType = sourcecode.swift; path = ContentView.swift; sourceTree = "<group>"; };
		02000001000000000000003 /* StayAwake.entitlements */ = {isa = PBXFileReference; lastKnownFileType = text.plist.entitlements; path = StayAwake.entitlements; sourceTree = "<group>"; };
		02000001000000000000004 /* Info.plist */ = {isa = PBXFileReference; lastKnownFileType = text.plist.xml; path = Info.plist; sourceTree = "<group>"; };
		02000001000000000000010 /* HealthKitManager.swift */ = {isa = PBXFileReference; lastKnownFileType = sourcecode.swift; path = HealthKitManager.swift; sourceTree = "<group>"; };
		02000001000000000000011 /* WatchConnectivityManager.swift */ = {isa = PBXFileReference; lastKnownFileType = sourcecode.swift; path = WatchConnectivityManager.swift; sourceTree = "<group>"; };
		02000001000000000000012 /* SleepDetector.swift */ = {isa = PBXFileReference; lastKnownFileType = sourcecode.swift; path = SleepDetector.swift; sourceTree = "<group>"; };
		02000002000000000000001 /* StayAwakeWatchApp.swift */ = {isa = PBXFileReference; lastKnownFileType = sourcecode.swift; path = StayAwakeWatchApp.swift; sourceTree = "<group>"; };
		02000002000000000000002 /* WatchContentView.swift */ = {isa = PBXFileReference; lastKnownFileType = sourcecode.swift; path = WatchContentView.swift; sourceTree = "<group>"; };
		02000002000000000000003 /* MonitoringManager.swift */ = {isa = PBXFileReference; lastKnownFileType = sourcecode.swift; path = MonitoringManager.swift; sourceTree = "<group>"; };
		02000002000000000000004 /* StayAwake Watch App.entitlements */ = {isa = PBXFileReference; lastKnownFileType = text.plist.entitlements; path = "StayAwake Watch App.entitlements"; sourceTree = "<group>"; };
		02000002000000000000005 /* Info.plist */ = {isa = PBXFileReference; lastKnownFileType = text.plist.xml; path = Info.plist; sourceTree = "<group>"; };
		03000001000000000000001 /* StayAwake.app */ = {isa = PBXFileReference; explicitFileType = wrapper.application; includeInIndex = 0; path = StayAwake.app; sourceTree = BUILT_PRODUCTS_DIR; };
		03000002000000000000001 /* StayAwake Watch App.app */ = {isa = PBXFileReference; explicitFileType = wrapper.application; includeInIndex = 0; path = "StayAwake Watch App.app"; sourceTree = BUILT_PRODUCTS_DIR; };
/* End PBXFileReference section */

/* Begin PBXFrameworksBuildPhase section */
		04000001000000000000001 /* Frameworks */ = {
			isa = PBXFrameworksBuildPhase;
			buildActionMask = 2147483647;
			files = (
			);
			runOnlyForDeploymentPostprocessing = 0;
		};
		04000002000000000000001 /* Frameworks */ = {
			isa = PBXFrameworksBuildPhase;
			buildActionMask = 2147483647;
			files = (
			);
			runOnlyForDeploymentPostprocessing = 0;
		};
/* End PBXFrameworksBuildPhase section */

/* Begin PBXGroup section */
		05000000000000000000001 = {
			isa = PBXGroup;
			children = (
				05000001000000000000001 /* StayAwake */,
				05000002000000000000001 /* StayAwake Watch App */,
				05000003000000000000001 /* Shared */,
				05000004000000000000001 /* Products */,
			);
			sourceTree = "<group>";
		};
		05000001000000000000001 /* StayAwake */ = {
			isa = PBXGroup;
			children = (
				02000001000000000000001 /* StayAwakeApp.swift */,
				02000001000000000000002 /* ContentView.swift */,
				02000001000000000000003 /* StayAwake.entitlements */,
				02000001000000000000004 /* Info.plist */,
			);
			path = StayAwake;
			sourceTree = "<group>";
		};
		05000002000000000000001 /* StayAwake Watch App */ = {
			isa = PBXGroup;
			children = (
				02000002000000000000001 /* StayAwakeWatchApp.swift */,
				02000002000000000000002 /* WatchContentView.swift */,
				02000002000000000000003 /* MonitoringManager.swift */,
				02000002000000000000004 /* StayAwake Watch App.entitlements */,
				02000002000000000000005 /* Info.plist */,
			);
			path = "StayAwake Watch App";
			sourceTree = "<group>";
		};
		05000003000000000000001 /* Shared */ = {
			isa = PBXGroup;
			children = (
				02000001000000000000010 /* HealthKitManager.swift */,
				02000001000000000000011 /* WatchConnectivityManager.swift */,
				02000001000000000000012 /* SleepDetector.swift */,
			);
			path = Shared;
			sourceTree = "<group>";
		};
		05000004000000000000001 /* Products */ = {
			isa = PBXGroup;
			children = (
				03000001000000000000001 /* StayAwake.app */,
				03000002000000000000001 /* StayAwake Watch App.app */,
			);
			name = Products;
			sourceTree = "<group>";
		};
/* End PBXGroup section */

/* Begin PBXNativeTarget section */
		06000001000000000000001 /* StayAwake */ = {
			isa = PBXNativeTarget;
			buildConfigurationList = 07000001000000000000001 /* Build configuration list for PBXNativeTarget "StayAwake" */;
			buildPhases = (
				04000001000000000000001 /* Frameworks */,
				08000001000000000000001 /* Resources */,
				09000001000000000000001 /* Sources */,
			);
			buildRules = (
			);
			dependencies = (
			);
			name = StayAwake;
			productName = StayAwake;
			productReference = 03000001000000000000001 /* StayAwake.app */;
			productType = "com.apple.product-type.application";
		};
		06000002000000000000001 /* StayAwake Watch App */ = {
			isa = PBXNativeTarget;
			buildConfigurationList = 07000002000000000000001 /* Build configuration list for PBXNativeTarget "StayAwake Watch App" */;
			buildPhases = (
				04000002000000000000001 /* Frameworks */,
				08000002000000000000001 /* Resources */,
				09000002000000000000001 /* Sources */,
			);
			buildRules = (
			);
			dependencies = (
			);
			name = "StayAwake Watch App";
			productName = "StayAwake Watch App";
			productReference = 03000002000000000000001 /* StayAwake Watch App.app */;
			productType = "com.apple.product-type.application";
		};
/* End PBXNativeTarget section */

/* Begin PBXProject section */
		10000000000000000000001 /* Project object */ = {
			isa = PBXProject;
			attributes = {
				BuildIndependentTargetsInParallel = 1;
				LastSwiftUpdateCheck = 1500;
				LastUpgradeCheck = 1500;
				TargetAttributes = {
					06000001000000000000001 = {
						CreatedOnToolsVersion = 15.0;
					};
					06000002000000000000001 = {
						CreatedOnToolsVersion = 15.0;
					};
				};
			};
			buildConfigurationList = 11000000000000000000001 /* Build configuration list for PBXProject "StayAwake" */;
			compatibilityVersion = "Xcode 14.0";
			developmentRegion = en;
			hasScannedForEncodings = 0;
			knownRegions = (
				en,
				Base,
			);
			mainGroup = 05000000000000000000001;
			productRefGroup = 05000004000000000000001 /* Products */;
			projectDirPath = "";
			projectRoot = "";
			targets = (
				06000001000000000000001 /* StayAwake */,
				06000002000000000000001 /* StayAwake Watch App */,
			);
		};
/* End PBXProject section */

/* Begin PBXResourcesBuildPhase section */
		08000001000000000000001 /* Resources */ = {
			isa = PBXResourcesBuildPhase;
			buildActionMask = 2147483647;
			files = (
				01000001000000000000006 /* StayAwake.entitlements in Resources */,
				01000001000000000000007 /* Info.plist in Resources */,
			);
			runOnlyForDeploymentPostprocessing = 0;
		};
		08000002000000000000001 /* Resources */ = {
			isa = PBXResourcesBuildPhase;
			buildActionMask = 2147483647;
			files = (
				01000002000000000000007 /* StayAwake Watch App.entitlements in Resources */,
				01000002000000000000008 /* Info.plist in Resources */,
			);
			runOnlyForDeploymentPostprocessing = 0;
		};
/* End PBXResourcesBuildPhase section */

/* Begin PBXSourcesBuildPhase section */
		09000001000000000000001 /* Sources */ = {
			isa = PBXSourcesBuildPhase;
			buildActionMask = 2147483647;
			files = (
				01000001000000000000001 /* StayAwakeApp.swift in Sources */,
				01000001000000000000002 /* ContentView.swift in Sources */,
				01000001000000000000003 /* HealthKitManager.swift in Sources */,
				01000001000000000000004 /* WatchConnectivityManager.swift in Sources */,
				01000001000000000000005 /* SleepDetector.swift in Sources */,
			);
			runOnlyForDeploymentPostprocessing = 0;
		};
		09000002000000000000001 /* Sources */ = {
			isa = PBXSourcesBuildPhase;
			buildActionMask = 2147483647;
			files = (
				01000002000000000000001 /* StayAwakeWatchApp.swift in Sources */,
				01000002000000000000002 /* WatchContentView.swift in Sources */,
				01000002000000000000003 /* MonitoringManager.swift in Sources */,
				01000002000000000000004 /* HealthKitManager.swift in Sources */,
				01000002000000000000005 /* WatchConnectivityManager.swift in Sources */,
				01000002000000000000006 /* SleepDetector.swift in Sources */,
			);
			runOnlyForDeploymentPostprocessing = 0;
		};
/* End PBXSourcesBuildPhase section */

/* Begin XCBuildConfiguration section */
		12000000000000000000001 /* Debug */ = {
			isa = XCBuildConfiguration;
			buildSettings = {
				ALWAYS_SEARCH_USER_PATHS = NO;
				CLANG_ANALYZER_NONNULL = YES;
				CLANG_ANALYZER_NUMBER_OBJECT_CONVERSION = YES_AGGRESSIVE;
				CLANG_CXX_LANGUAGE_STANDARD = "gnu++20";
				CLANG_ENABLE_MODULES = YES;
				CLANG_ENABLE_OBJC_ARC = YES;
				CLANG_ENABLE_OBJC_WEAK = YES;
				CLANG_WARN_BLOCK_CAPTURE_AUTORELEASING = YES;
				CLANG_WARN_BOOL_CONVERSION = YES;
				CLANG_WARN_COMMA = YES;
				CLANG_WARN_CONSTANT_CONVERSION = YES;
				CLANG_WARN_DEPRECATED_OBJC_IMPLEMENTATIONS = YES;
				CLANG_WARN_DIRECT_OBJC_ISA_USAGE = YES_ERROR;
				CLANG_WARN_DOCUMENTATION_COMMENTS = YES;
				CLANG_WARN_EMPTY_BODY = YES;
				CLANG_WARN_ENUM_CONVERSION = YES;
				CLANG_WARN_INFINITE_RECURSION = YES;
				CLANG_WARN_INT_CONVERSION = YES;
				CLANG_WARN_NON_LITERAL_NULL_CONVERSION = YES;
				CLANG_WARN_OBJC_IMPLICIT_RETAIN_SELF = YES;
				CLANG_WARN_OBJC_LITERAL_CONVERSION = YES;
				CLANG_WARN_OBJC_ROOT_CLASS = YES_ERROR;
				CLANG_WARN_QUOTED_INCLUDE_IN_FRAMEWORK_HEADER = YES;
				CLANG_WARN_RANGE_LOOP_ANALYSIS = YES;
				CLANG_WARN_STRICT_PROTOTYPES = YES;
				CLANG_WARN_SUSPICIOUS_MOVE = YES;
				CLANG_WARN_UNGUARDED_AVAILABILITY = YES_AGGRESSIVE;
				CLANG_WARN_UNREACHABLE_CODE = YES;
				CLANG_WARN__DUPLICATE_METHOD_MATCH = YES;
				COPY_PHASE_STRIP = NO;
				DEBUG_INFORMATION_FORMAT = dwarf;
				ENABLE_STRICT_OBJC_MSGSEND = YES;
				ENABLE_TESTABILITY = YES;
				GCC_C_LANGUAGE_STANDARD = gnu11;
				GCC_DYNAMIC_NO_PIC = NO;
				GCC_NO_COMMON_BLOCKS = YES;
				GCC_OPTIMIZATION_LEVEL = 0;
				GCC_PREPROCESSOR_DEFINITIONS = (
					"DEBUG=1",
					"$(inherited)",
				);
				GCC_WARN_64_TO_32_BIT_CONVERSION = YES;
				GCC_WARN_ABOUT_RETURN_TYPE = YES_ERROR;
				GCC_WARN_UNDECLARED_SELECTOR = YES;
				GCC_WARN_UNINITIALIZED_AUTOS = YES_AGGRESSIVE;
				GCC_WARN_UNUSED_FUNCTION = YES;
				GCC_WARN_UNUSED_VARIABLE = YES;
				MTL_ENABLE_DEBUG_INFO = INCLUDE_SOURCE;
				MTL_FAST_MATH = YES;
				ONLY_ACTIVE_ARCH = YES;
				SWIFT_ACTIVE_COMPILATION_CONDITIONS = DEBUG;
				SWIFT_OPTIMIZATION_LEVEL = "-Onone";
			};
			name = Debug;
		};
		12000000000000000000002 /* Release */ = {
			isa = XCBuildConfiguration;
			buildSettings = {
				ALWAYS_SEARCH_USER_PATHS = NO;
				CLANG_ANALYZER_NONNULL = YES;
				CLANG_ANALYZER_NUMBER_OBJECT_CONVERSION = YES_AGGRESSIVE;
				CLANG_CXX_LANGUAGE_STANDARD = "gnu++20";
				CLANG_ENABLE_MODULES = YES;
				CLANG_ENABLE_OBJC_ARC = YES;
				CLANG_ENABLE_OBJC_WEAK = YES;
				CLANG_WARN_BLOCK_CAPTURE_AUTORELEASING = YES;
				CLANG_WARN_BOOL_CONVERSION = YES;
				CLANG_WARN_COMMA = YES;
				CLANG_WARN_CONSTANT_CONVERSION = YES;
				CLANG_WARN_DEPRECATED_OBJC_IMPLEMENTATIONS = YES;
				CLANG_WARN_DIRECT_OBJC_ISA_USAGE = YES_ERROR;
				CLANG_WARN_DOCUMENTATION_COMMENTS = YES;
				CLANG_WARN_EMPTY_BODY = YES;
				CLANG_WARN_ENUM_CONVERSION = YES;
				CLANG_WARN_INFINITE_RECURSION = YES;
				CLANG_WARN_INT_CONVERSION = YES;
				CLANG_WARN_NON_LITERAL_NULL_CONVERSION = YES;
				CLANG_WARN_OBJC_IMPLICIT_RETAIN_SELF = YES;
				CLANG_WARN_OBJC_LITERAL_CONVERSION = YES;
				CLANG_WARN_OBJC_ROOT_CLASS = YES_ERROR;
				CLANG_WARN_QUOTED_INCLUDE_IN_FRAMEWORK_HEADER = YES;
				CLANG_WARN_RANGE_LOOP_ANALYSIS = YES;
				CLANG_WARN_STRICT_PROTOTYPES = YES;
				CLANG_WARN_SUSPICIOUS_MOVE = YES;
				CLANG_WARN_UNGUARDED_AVAILABILITY = YES_AGGRESSIVE;
				CLANG_WARN_UNREACHABLE_CODE = YES;
				CLANG_WARN__DUPLICATE_METHOD_MATCH = YES;
				COPY_PHASE_STRIP = NO;
				DEBUG_INFORMATION_FORMAT = "dwarf-with-dsym";
				ENABLE_NS_ASSERTIONS = NO;
				ENABLE_STRICT_OBJC_MSGSEND = YES;
				GCC_C_LANGUAGE_STANDARD = gnu11;
				GCC_NO_COMMON_BLOCKS = YES;
				GCC_WARN_64_TO_32_BIT_CONVERSION = YES;
				GCC_WARN_ABOUT_RETURN_TYPE = YES_ERROR;
				GCC_WARN_UNDECLARED_SELECTOR = YES;
				GCC_WARN_UNINITIALIZED_AUTOS = YES_AGGRESSIVE;
				GCC_WARN_UNUSED_FUNCTION = YES;
				GCC_WARN_UNUSED_VARIABLE = YES;
				MTL_ENABLE_DEBUG_INFO = NO;
				MTL_FAST_MATH = YES;
				SWIFT_COMPILATION_MODE = wholemodule;
				SWIFT_OPTIMIZATION_LEVEL = "-O";
			};
			name = Release;
		};
		12000001000000000000001 /* Debug */ = {
			isa = XCBuildConfiguration;
			buildSettings = {
				ASSETCATALOG_COMPILER_APPICON_NAME = AppIcon;
				ASSETCATALOG_COMPILER_GLOBAL_ACCENT_COLOR_NAME = AccentColor;
				CODE_SIGN_ENTITLEMENTS = StayAwake/StayAwake.entitlements;
				CODE_SIGN_STYLE = Automatic;
				CURRENT_PROJECT_VERSION = 1;
				DEVELOPMENT_TEAM = "";
				ENABLE_PREVIEWS = YES;
				GENERATE_INFOPLIST_FILE = NO;
				INFOPLIST_FILE = StayAwake/Info.plist;
				INFOPLIST_KEY_UIApplicationSceneManifest_Generation = YES;
				INFOPLIST_KEY_UIApplicationSupportsIndirectInputEvents = YES;
				INFOPLIST_KEY_UILaunchScreen_Generation = YES;
				INFOPLIST_KEY_UISupportedInterfaceOrientations = "UIInterfaceOrientationPortrait UIInterfaceOrientationPortraitUpsideDown";
				INFOPLIST_KEY_UISupportedInterfaceOrientations_iPad = "UIInterfaceOrientationLandscapeLeft UIInterfaceOrientationLandscapeRight UIInterfaceOrientationPortrait UIInterfaceOrientationPortraitUpsideDown";
				IPHONEOS_DEPLOYMENT_TARGET = 17.0;
				LD_RUNPATH_SEARCH_PATHS = (
					"$(inherited)",
					"@executable_path/Frameworks",
				);
				MARKETING_VERSION = 1.0;
				PRODUCT_BUNDLE_IDENTIFIER = com.stayawake.app;
				PRODUCT_NAME = "$(TARGET_NAME)";
				SDKROOT = iphoneos;
				SUPPORTED_PLATFORMS = "iphoneos iphonesimulator";
				SUPPORTS_MACCATALYST = NO;
				SUPPORTS_MAC_DESIGNED_FOR_IPHONE_IPAD = NO;
				SWIFT_EMIT_LOC_STRINGS = YES;
				SWIFT_VERSION = 5.0;
				TARGETED_DEVICE_FAMILY = "1,2";
			};
			name = Debug;
		};
		12000001000000000000002 /* Release */ = {
			isa = XCBuildConfiguration;
			buildSettings = {
				ASSETCATALOG_COMPILER_APPICON_NAME = AppIcon;
				ASSETCATALOG_COMPILER_GLOBAL_ACCENT_COLOR_NAME = AccentColor;
				CODE_SIGN_ENTITLEMENTS = StayAwake/StayAwake.entitlements;
				CODE_SIGN_STYLE = Automatic;
				CURRENT_PROJECT_VERSION = 1;
				DEVELOPMENT_TEAM = "";
				ENABLE_PREVIEWS = YES;
				GENERATE_INFOPLIST_FILE = NO;
				INFOPLIST_FILE = StayAwake/Info.plist;
				INFOPLIST_KEY_UIApplicationSceneManifest_Generation = YES;
				INFOPLIST_KEY_UIApplicationSupportsIndirectInputEvents = YES;
				INFOPLIST_KEY_UILaunchScreen_Generation = YES;
				INFOPLIST_KEY_UISupportedInterfaceOrientations = "UIInterfaceOrientationPortrait UIInterfaceOrientationPortraitUpsideDown";
				INFOPLIST_KEY_UISupportedInterfaceOrientations_iPad = "UIInterfaceOrientationLandscapeLeft UIInterfaceOrientationLandscapeRight UIInterfaceOrientationPortrait UIInterfaceOrientationPortraitUpsideDown";
				IPHONEOS_DEPLOYMENT_TARGET = 17.0;
				LD_RUNPATH_SEARCH_PATHS = (
					"$(inherited)",
					"@executable_path/Frameworks",
				);
				MARKETING_VERSION = 1.0;
				PRODUCT_BUNDLE_IDENTIFIER = com.stayawake.app;
				PRODUCT_NAME = "$(TARGET_NAME)";
				SDKROOT = iphoneos;
				SUPPORTED_PLATFORMS = "iphoneos iphonesimulator";
				SUPPORTS_MACCATALYST = NO;
				SUPPORTS_MAC_DESIGNED_FOR_IPHONE_IPAD = NO;
				SWIFT_EMIT_LOC_STRINGS = YES;
				SWIFT_VERSION = 5.0;
				TARGETED_DEVICE_FAMILY = "1,2";
				VALIDATE_PRODUCT = YES;
			};
			name = Release;
		};
		12000002000000000000001 /* Debug */ = {
			isa = XCBuildConfiguration;
			buildSettings = {
				ASSETCATALOG_COMPILER_APPICON_NAME = AppIcon;
				ASSETCATALOG_COMPILER_GLOBAL_ACCENT_COLOR_NAME = AccentColor;
				CODE_SIGN_ENTITLEMENTS = "StayAwake Watch App/StayAwake Watch App.entitlements";
				CODE_SIGN_STYLE = Automatic;
				CURRENT_PROJECT_VERSION = 1;
				DEVELOPMENT_TEAM = "";
				ENABLE_PREVIEWS = YES;
				GENERATE_INFOPLIST_FILE = NO;
				INFOPLIST_FILE = "StayAwake Watch App/Info.plist";
				INFOPLIST_KEY_CFBundleDisplayName = StayAwake;
				INFOPLIST_KEY_UISupportedInterfaceOrientations = "UIInterfaceOrientationPortrait UIInterfaceOrientationPortraitUpsideDown";
				INFOPLIST_KEY_WKApplication = YES;
				INFOPLIST_KEY_WKRunsIndependently = YES;
				LD_RUNPATH_SEARCH_PATHS = (
					"$(inherited)",
					"@executable_path/Frameworks",
				);
				MARKETING_VERSION = 1.0;
				PRODUCT_BUNDLE_IDENTIFIER = com.stayawake.app.watchkitapp;
				PRODUCT_NAME = "$(TARGET_NAME)";
				SDKROOT = watchos;
				SKIP_INSTALL = YES;
				SUPPORTED_PLATFORMS = "watchos watchsimulator";
				SUPPORTS_MACCATALYST = NO;
				SUPPORTS_MAC_DESIGNED_FOR_IPHONE_IPAD = NO;
				SWIFT_EMIT_LOC_STRINGS = YES;
				SWIFT_VERSION = 5.0;
				TARGETED_DEVICE_FAMILY = 4;
				WATCHOS_DEPLOYMENT_TARGET = 10.0;
			};
			name = Debug;
		};
		12000002000000000000002 /* Release */ = {
			isa = XCBuildConfiguration;
			buildSettings = {
				ASSETCATALOG_COMPILER_APPICON_NAME = AppIcon;
				ASSETCATALOG_COMPILER_GLOBAL_ACCENT_COLOR_NAME = AccentColor;
				CODE_SIGN_ENTITLEMENTS = "StayAwake Watch App/StayAwake Watch App.entitlements";
				CODE_SIGN_STYLE = Automatic;
				CURRENT_PROJECT_VERSION = 1;
				DEVELOPMENT_TEAM = "";
				ENABLE_PREVIEWS = YES;
				GENERATE_INFOPLIST_FILE = NO;
				INFOPLIST_FILE = "StayAwake Watch App/Info.plist";
				INFOPLIST_KEY_CFBundleDisplayName = StayAwake;
				INFOPLIST_KEY_UISupportedInterfaceOrientations = "UIInterfaceOrientationPortrait UIInterfaceOrientationPortraitUpsideDown";
				INFOPLIST_KEY_WKApplication = YES;
				INFOPLIST_KEY_WKRunsIndependently = YES;
				LD_RUNPATH_SEARCH_PATHS = (
					"$(inherited)",
					"@executable_path/Frameworks",
				);
				MARKETING_VERSION = 1.0;
				PRODUCT_BUNDLE_IDENTIFIER = com.stayawake.app.watchkitapp;
				PRODUCT_NAME = "$(TARGET_NAME)";
				SDKROOT = watchos;
				SKIP_INSTALL = YES;
				SUPPORTED_PLATFORMS = "watchos watchsimulator";
				SUPPORTS_MACCATALYST = NO;
				SUPPORTS_MAC_DESIGNED_FOR_IPHONE_IPAD = NO;
				SWIFT_EMIT_LOC_STRINGS = YES;
				SWIFT_VERSION = 5.0;
				TARGETED_DEVICE_FAMILY = 4;
				VALIDATE_PRODUCT = YES;
				WATCHOS_DEPLOYMENT_TARGET = 10.0;
			};
			name = Release;
		};
/* End XCBuildConfiguration section */

/* Begin XCConfigurationList section */
		07000001000000000000001 /* Build configuration list for PBXNativeTarget "StayAwake" */ = {
			isa = XCConfigurationList;
			buildConfigurations = (
				12000001000000000000001 /* Debug */,
				12000001000000000000002 /* Release */,
			);
			defaultConfigurationIsVisible = 0;
			defaultConfigurationName = Release;
		};
		07000002000000000000001 /* Build configuration list for PBXNativeTarget "StayAwake Watch App" */ = {
			isa = XCConfigurationList;
			buildConfigurations = (
				12000002000000000000001 /* Debug */,
				12000002000000000000002 /* Release */,
			);
			defaultConfigurationIsVisible = 0;
			defaultConfigurationName = Release;
		};
		11000000000000000000001 /* Build configuration list for PBXProject "StayAwake" */ = {
			isa = XCConfigurationList;
			buildConfigurations = (
				12000000000000000000001 /* Debug */,
				12000000000000000000002 /* Release */,
			);
			defaultConfigurationIsVisible = 0;
			defaultConfigurationName = Release;
		};
/* End XCConfigurationList section */
	};
	rootObject = 10000000000000000000001 /* Project object */;
}
